{
    "guzzlehttp/guzzle": {
        "version": "6.3.0"
    },
    "guzzlehttp/promises": {
        "version": "v1.3.1"
    },
    "guzzlehttp/psr7": {
        "version": "1.4.2"
    },
    "illuminate/contracts": {
        "version": "v5.5.17"
    },
    "illuminate/support": {
        "version": "v5.5.17"
    },
    "irazasyed/telegram-bot-sdk": {
        "version": "v2.2.0"
    },
    "league/event": {
        "version": "2.1.2"
    },
    "nesbot/carbon": {
        "version": "1.22.1"
    },
    "psr/http-message": {
        "version": "1.0.1"
    },
    "ramsey/uuid": {
        "version": "3.7.3"
    },
    "symfony/maker-bundle": {
        "version": "1.0",
        "recipe": {
            "repo": "github.com/symfony/recipes",
            "branch": "master",
            "version": "1.0",
            "ref": "fadbfe33303a76e25cb63401050439aa9b1a9c7f"
        }
    },
    "symfony/webpack-encore-pack": {
        "version": "1.0",
        "recipe": {
            "repo": "github.com/symfony/recipes",
            "branch": "master",
            "version": "1.0",
            "ref": "a2f276eff6e95ca94be135d2d3e5c1247c6f8807"
        }
    }
}
