{
    "beberlei/assert": {
        "version": "v2.9.2"
    },
    "clue/stream-filter": {
        "version": "v1.4.0"
    },
    "composer/semver": {
        "version": "1.4.2"
    },
    "fgrosse/phpasn1": {
        "version": "2.0.1"
    },
    "friendsofphp/php-cs-fixer": {
        "version": "2.2",
        "recipe": {
            "repo": "github.com/symfony/recipes",
            "branch": "master",
            "version": "2.2",
            "ref": "bb31a3bbec00a8fc8aa1c9fbf9b0ef9fc492f93d"
        }
    },
    "guzzlehttp/guzzle": {
        "version": "6.3.0"
    },
    "guzzlehttp/promises": {
        "version": "v1.3.1"
    },
    "guzzlehttp/psr7": {
        "version": "1.4.2"
    },
    "hwi/oauth-bundle": {
        "version": "0.6.1"
    },
    "illuminate/contracts": {
        "version": "v5.5.17"
    },
    "illuminate/support": {
        "version": "v5.5.17"
    },
    "irazasyed/telegram-bot-sdk": {
        "version": "v2.2.0"
    },
    "league/event": {
        "version": "2.1.2"
    },
    "league/tactician-logger": {
        "version": "v0.10.0"
    },
    "mdanter/ecc": {
        "version": "v0.5.0"
    },
    "nesbot/carbon": {
        "version": "1.22.1"
    },
    "nikic/php-parser": {
        "version": "v4.0.1"
    },
    "php-cs-fixer/diff": {
        "version": "v1.3.0"
    },
    "php-http/cache-plugin": {
        "version": "v1.5.0"
    },
    "php-http/client-common": {
        "version": "1.7.0"
    },
    "php-http/discovery": {
        "version": "1.4.0"
    },
    "php-http/guzzle6-adapter": {
        "version": "v1.1.1"
    },
    "php-http/httplug": {
        "version": "v1.1.0"
    },
    "php-http/httplug-bundle": {
        "version": "1.6",
        "recipe": {
            "repo": "github.com/symfony/recipes",
            "branch": "master",
            "version": "1.6",
            "ref": "4655962c64e2de96c418caf576c57215711c7877"
        }
    },
    "php-http/logger-plugin": {
        "version": "v1.0.0"
    },
    "php-http/message": {
        "version": "1.6.0"
    },
    "php-http/message-factory": {
        "version": "v1.0.2"
    },
    "php-http/promise": {
        "version": "v1.0.0"
    },
    "php-http/stopwatch-plugin": {
        "version": "1.1.0"
    },
    "psr/http-message": {
        "version": "1.0.1"
    },
    "ramsey/uuid": {
        "version": "3.7.3"
    },
    "spomky-labs/aes-key-wrap": {
        "version": "v3.0.3"
    },
    "spomky-labs/base64url": {
        "version": "v1.0.2"
    },
    "spomky-labs/jose": {
        "version": "v7.0.1"
    },
    "spomky-labs/php-aes-gcm": {
        "version": "v1.2.0"
    },
    "symfony/maker-bundle": {
        "version": "1.0",
        "recipe": {
            "repo": "github.com/symfony/recipes",
            "branch": "master",
            "version": "1.0",
            "ref": "fadbfe33303a76e25cb63401050439aa9b1a9c7f"
        }
    },
    "symfony/polyfill-php72": {
        "version": "v1.7.0"
    },
    "symfony/webpack-encore-pack": {
        "version": "1.0",
        "recipe": {
            "repo": "github.com/symfony/recipes",
            "branch": "master",
            "version": "1.0",
            "ref": "a2f276eff6e95ca94be135d2d3e5c1247c6f8807"
        }
    }
}
